{
    "_readme": [
        "This file locks the dependencies of your project to a known state",
        "Read more about it at https://getcomposer.org/doc/01-basic-usage.md#installing-dependencies",
        "This file is @generated automatically"
    ],
    "content-hash": "821471c4e88b6069644e576f4126d5d1",
    "packages": [
        {
            "name": "deliciousbrains/wp-background-processing",
            "version": "dev-multisite-fix",
            "source": {
                "type": "git",
                "url": "git@github.com:koen12344/multisite-background-processing.git",
                "reference": "c2cd0568285853d4ac6e4d09e05451c00c37d632"
            },
            "dist": {
                "type": "zip",
                "url": "https://api.github.com/repos/koen12344/multisite-background-processing/zipball/c2cd0568285853d4ac6e4d09e05451c00c37d632",
                "reference": "c2cd0568285853d4ac6e4d09e05451c00c37d632",
                "shasum": ""
            },
            "require": {
                "php": ">=7.0"
            },
            "require-dev": {
                "phpcompatibility/phpcompatibility-wp": "*",
                "phpunit/phpunit": "^8.0",
                "spryker/code-sniffer": "^0.17.18",
                "wp-coding-standards/wpcs": "^2.3",
                "yoast/phpunit-polyfills": "^1.0"
            },
            "suggest": {
                "coenjacobs/mozart": "Easily wrap this library with your own prefix, to prevent collisions when multiple plugins use this library"
            },
            "type": "library",
            "autoload": {
                "classmap": [
                    "classes/"
                ]
            },
            "license": [
                "GPL-2.0-or-later"
            ],
            "authors": [
                {
                    "name": "Delicious Brains",
                    "email": "nom@deliciousbrains.com"
                }
            ],
            "description": "WP Background Processing can be used to fire off non-blocking asynchronous requests or as a background processing tool, allowing you to queue tasks.",
            "time": "2025-01-02T14:56:18+00:00"
        },
        {
            "name": "koen12344/github-plugin-updater",
            "version": "v2.0.0",
            "source": {
                "type": "git",
                "url": "https://github.com/koen12344/github-plugin-updater.git",
                "reference": "ab6776e1ff0ccc343e7dab2a7f74e62bd5bd502f"
            },
            "dist": {
                "type": "zip",
                "url": "https://api.github.com/repos/koen12344/github-plugin-updater/zipball/ab6776e1ff0ccc343e7dab2a7f74e62bd5bd502f",
                "reference": "ab6776e1ff0ccc343e7dab2a7f74e62bd5bd502f",
                "shasum": ""
            },
            "require": {
                "ext-json": "*"
            },
            "type": "library",
            "autoload": {
                "psr-4": {
                    "Koen12344\\GithubPluginUpdater\\": "src/"
                }
            },
            "notification-url": "https://packagist.org/downloads/",
            "license": [
                "GPL-2.0-or-later"
            ],
            "authors": [
                {
                    "name": "Koen Reus",
                    "email": "koen@koenreus.com"
                }
            ],
            "description": "Modern and lightweight GitHub plugin updater library",
            "support": {
                "issues": "https://github.com/koen12344/github-plugin-updater/issues",
                "source": "https://github.com/koen12344/github-plugin-updater/tree/v2.0.0"
            },
            "time": "2025-10-30T15:33:06+00:00"
        },
        {
            "name": "psr/container",
            "version": "2.0.2",
            "source": {
                "type": "git",
                "url": "https://github.com/php-fig/container.git",
                "reference": "c71ecc56dfe541dbd90c5360474fbc405f8d5963"
            },
            "dist": {
                "type": "zip",
                "url": "https://api.github.com/repos/php-fig/container/zipball/c71ecc56dfe541dbd90c5360474fbc405f8d5963",
                "reference": "c71ecc56dfe541dbd90c5360474fbc405f8d5963",
                "shasum": ""
            },
            "require": {
                "php": ">=7.4.0"
            },
            "type": "library",
            "extra": {
                "branch-alias": {
                    "dev-master": "2.0.x-dev"
                }
            },
            "autoload": {
                "psr-4": {
                    "Psr\\Container\\": "src/"
                }
            },
            "notification-url": "https://packagist.org/downloads/",
            "license": [
                "MIT"
            ],
            "authors": [
                {
                    "name": "PHP-FIG",
                    "homepage": "https://www.php-fig.org/"
                }
            ],
            "description": "Common Container Interface (PHP FIG PSR-11)",
            "homepage": "https://github.com/php-fig/container",
            "keywords": [
                "PSR-11",
                "container",
                "container-interface",
                "container-interop",
                "psr"
            ],
            "support": {
                "issues": "https://github.com/php-fig/container/issues",
                "source": "https://github.com/php-fig/container/tree/2.0.2"
            },
            "time": "2021-11-05T16:47:00+00:00"
        },
        {
            "name": "psr/log",
            "version": "3.0.2",
            "source": {
                "type": "git",
                "url": "https://github.com/php-fig/log.git",
                "reference": "f16e1d5863e37f8d8c2a01719f5b34baa2b714d3"
            },
            "dist": {
                "type": "zip",
                "url": "https://api.github.com/repos/php-fig/log/zipball/f16e1d5863e37f8d8c2a01719f5b34baa2b714d3",
                "reference": "f16e1d5863e37f8d8c2a01719f5b34baa2b714d3",
                "shasum": ""
            },
            "require": {
                "php": ">=8.0.0"
            },
            "type": "library",
            "extra": {
                "branch-alias": {
                    "dev-master": "3.x-dev"
                }
            },
            "autoload": {
                "psr-4": {
                    "Psr\\Log\\": "src"
                }
            },
            "notification-url": "https://packagist.org/downloads/",
            "license": [
                "MIT"
            ],
            "authors": [
                {
                    "name": "PHP-FIG",
                    "homepage": "https://www.php-fig.org/"
                }
            ],
            "description": "Common interface for logging libraries",
            "homepage": "https://github.com/php-fig/log",
            "keywords": [
                "log",
                "psr",
                "psr-3"
            ],
            "support": {
                "source": "https://github.com/php-fig/log/tree/3.0.2"
            },
            "time": "2024-09-11T13:17:53+00:00"
        }
    ],
    "packages-dev": [],
    "aliases": [],
    "minimum-stability": "dev",
    "stability-flags": {
        "deliciousbrains/wp-background-processing": 20
    },
    "prefer-stable": true,
    "prefer-lowest": false,
    "platform": {
        "php": ">=8.0",
        "ext-simplexml": "*",
        "ext-xmlreader": "*",
        "ext-mbstring": "*",
        "ext-dom": "*",
        "ext-intl": "*"
    },
    "platform-dev": [],
    "plugin-api-version": "2.3.0"
}
